
Microsoft Visual Studio Solution File, Format Version 12.00
# Visual Studio Version 17
VisualStudioVersion = 17.1.32407.343
MinimumVisualStudioVersion = 10.0.40219.1
Project("{E24C65DC-7377-472B-9ABA-BC803B73C61A}") = "Y2S2OOP-OnlineShopping", "Y2S2OOP-OnlineShopping\", "{F655ED14-67B2-4270-A119-D9589897B16A}"
	ProjectSection(WebsiteProperties) = preProject
		TargetFrameworkMoniker = ".NETFramework,Version%3Dv4.7.2"
		Debug.AspNetCompiler.VirtualPath = "/localhost_61282"
		Debug.AspNetCompiler.PhysicalPath = "Y2S2OOP-OnlineShopping\"
		Debug.AspNetCompiler.TargetPath = "PrecompiledWeb\localhost_61282\"
		Debug.AspNetCompiler.Updateable = "true"
		Debug.AspNetCompiler.ForceOverwrite = "true"
		Debug.AspNetCompiler.FixedNames = "false"
		Debug.AspNetCompiler.Debug = "True"
		Release.AspNetCompiler.VirtualPath = "/localhost_61282"
		Release.AspNetCompiler.PhysicalPath = "Y2S2OOP-OnlineShopping\"
		Release.AspNetCompiler.TargetPath = "PrecompiledWeb\localhost_61282\"
		Release.AspNetCompiler.Updateable = "true"
		Release.AspNetCompiler.ForceOverwrite = "true"
		Release.AspNetCompiler.FixedNames = "false"
		Release.AspNetCompiler.Debug = "False"
		VWDPort = "61282"
		DefaultWebSiteLanguage = "Visual C#"
	EndProjectSection
EndProject
Global
	GlobalSection(SolutionConfigurationPlatforms) = preSolution
		Debug|Any CPU = Debug|Any CPU
	EndGlobalSection
	GlobalSection(ProjectConfigurationPlatforms) = postSolution
		{F655ED14-67B2-4270-A119-D9589897B16A}.Debug|Any CPU.ActiveCfg = Debug|Any CPU
		{F655ED14-67B2-4270-A119-D9589897B16A}.Debug|Any CPU.Build.0 = Debug|Any CPU
	EndGlobalSection
	GlobalSection(SolutionProperties) = preSolution
		HideSolutionNode = FALSE
	EndGlobalSection
	GlobalSection(ExtensibilityGlobals) = postSolution
		SolutionGuid = {36EEB337-E251-4894-BFAC-FA9FB987D64B}
	EndGlobalSection
EndGlobal
